# THIS IS AN AUTOGENERATED FILE. DO NOT EDIT THIS FILE DIRECTLY.
# yarn lockfile v1


"@stencil/core@^2.4.0":
  version "2.4.0"
  resolved "https://registry.yarnpkg.com/@stencil/core/-/core-2.4.0.tgz#17b45629c8986e35dcbce3f7dab7d64beede83f2"
  integrity sha512-gU6+Yyd6O0KrCSS/O6j8KKqmRo+/Dcs2fI0+APCpbAWK+nqhwDISpdnSEfGDCLMoAC08XOZCycBRk2K1VGnEcg==

esbuild@^0.8.46:
  version "0.8.46"
  resolved "https://registry.yarnpkg.com/esbuild/-/esbuild-0.8.46.tgz#8fc7230ce3019b12e2553399f0c03875a729c26b"
  integrity sha512-xck9sXNCNmjDHCCfxTCyhKTiFuEBweh+IDAhMLOJI990v1Fzii6MyIkT1LbkvjgoVgPX2SK1kpi5eZVGNrl8yg==
